
Microsoft Visual Studio Solution File, Format Version 12.00
# Visual Studio Version 17
VisualStudioVersion = 17.4.33403.182
MinimumVisualStudioVersion = 10.0.40219.1
Project("{FAE04EC0-301F-11D3-BF4B-00C04F79EFBC}") = "uebungsdatei", "uebungsdatei.csproj", "{8A473F80-DBCB-4404-9CC6-7C3762B96CBB}"
EndProject
Global
	GlobalSection(SolutionConfigurationPlatforms) = preSolution
		Debug|Any CPU = Debug|Any CPU
		Release|Any CPU = Release|Any CPU
	EndGlobalSection
	GlobalSection(ProjectConfigurationPlatforms) = postSolution
		{8A473F80-DBCB-4404-9CC6-7C3762B96CBB}.Debug|Any CPU.ActiveCfg = Debug|Any CPU
		{8A473F80-DBCB-4404-9CC6-7C3762B96CBB}.Debug|Any CPU.Build.0 = Debug|Any CPU
		{8A473F80-DBCB-4404-9CC6-7C3762B96CBB}.Release|Any CPU.ActiveCfg = Release|Any CPU
		{8A473F80-DBCB-4404-9CC6-7C3762B96CBB}.Release|Any CPU.Build.0 = Release|Any CPU
	EndGlobalSection
	GlobalSection(SolutionProperties) = preSolution
		HideSolutionNode = FALSE
	EndGlobalSection
	GlobalSection(ExtensibilityGlobals) = postSolution
		SolutionGuid = {C305945B-F481-4E96-92D2-A86F372693AE}
	EndGlobalSection
EndGlobal
