
Microsoft Visual Studio Solution File, Format Version 12.00
# Visual Studio Version 17
VisualStudioVersion = 17.4.33403.182
MinimumVisualStudioVersion = 10.0.40219.1
Project("{FAE04EC0-301F-11D3-BF4B-00C04F79EFBC}") = "assoziationen_uebung", "assoziationen_uebung.csproj", "{294667B9-0FE1-41A7-BCB0-F68292970B3E}"
EndProject
Global
	GlobalSection(SolutionConfigurationPlatforms) = preSolution
		Debug|Any CPU = Debug|Any CPU
		Release|Any CPU = Release|Any CPU
	EndGlobalSection
	GlobalSection(ProjectConfigurationPlatforms) = postSolution
		{294667B9-0FE1-41A7-BCB0-F68292970B3E}.Debug|Any CPU.ActiveCfg = Debug|Any CPU
		{294667B9-0FE1-41A7-BCB0-F68292970B3E}.Debug|Any CPU.Build.0 = Debug|Any CPU
		{294667B9-0FE1-41A7-BCB0-F68292970B3E}.Release|Any CPU.ActiveCfg = Release|Any CPU
		{294667B9-0FE1-41A7-BCB0-F68292970B3E}.Release|Any CPU.Build.0 = Release|Any CPU
	EndGlobalSection
	GlobalSection(SolutionProperties) = preSolution
		HideSolutionNode = FALSE
	EndGlobalSection
	GlobalSection(ExtensibilityGlobals) = postSolution
		SolutionGuid = {A9D8DF20-9D63-42A1-8111-843CAD4D41E3}
	EndGlobalSection
EndGlobal
