
Microsoft Visual Studio Solution File, Format Version 12.00
# Visual Studio Version 17
VisualStudioVersion = 17.7.34024.191
MinimumVisualStudioVersion = 10.0.40219.1
Project("{FAE04EC0-301F-11D3-BF4B-00C04F79EFBC}") = "Fussballmannschaft", "Fussballmannschaft\Fussballmannschaft.csproj", "{52368823-F8FE-441D-A621-C7246B162DE1}"
EndProject
Global
	GlobalSection(SolutionConfigurationPlatforms) = preSolution
		Debug|Any CPU = Debug|Any CPU
		Release|Any CPU = Release|Any CPU
	EndGlobalSection
	GlobalSection(ProjectConfigurationPlatforms) = postSolution
		{52368823-F8FE-441D-A621-C7246B162DE1}.Debug|Any CPU.ActiveCfg = Debug|Any CPU
		{52368823-F8FE-441D-A621-C7246B162DE1}.Debug|Any CPU.Build.0 = Debug|Any CPU
		{52368823-F8FE-441D-A621-C7246B162DE1}.Release|Any CPU.ActiveCfg = Release|Any CPU
		{52368823-F8FE-441D-A621-C7246B162DE1}.Release|Any CPU.Build.0 = Release|Any CPU
	EndGlobalSection
	GlobalSection(SolutionProperties) = preSolution
		HideSolutionNode = FALSE
	EndGlobalSection
	GlobalSection(ExtensibilityGlobals) = postSolution
		SolutionGuid = {78E550F5-7FCE-419E-BF4F-D4C25EDCA9ED}
	EndGlobalSection
EndGlobal
