
Microsoft Visual Studio Solution File, Format Version 12.00
# Visual Studio Version 17
VisualStudioVersion = 17.4.33403.182
MinimumVisualStudioVersion = 10.0.40219.1
Project("{FAE04EC0-301F-11D3-BF4B-00C04F79EFBC}") = "Assoziationen_uebung2", "Assoziationen_uebung2.csproj", "{19608BF4-9753-4C93-9825-03B938690D57}"
EndProject
Global
	GlobalSection(SolutionConfigurationPlatforms) = preSolution
		Debug|Any CPU = Debug|Any CPU
		Release|Any CPU = Release|Any CPU
	EndGlobalSection
	GlobalSection(ProjectConfigurationPlatforms) = postSolution
		{19608BF4-9753-4C93-9825-03B938690D57}.Debug|Any CPU.ActiveCfg = Debug|Any CPU
		{19608BF4-9753-4C93-9825-03B938690D57}.Debug|Any CPU.Build.0 = Debug|Any CPU
		{19608BF4-9753-4C93-9825-03B938690D57}.Release|Any CPU.ActiveCfg = Release|Any CPU
		{19608BF4-9753-4C93-9825-03B938690D57}.Release|Any CPU.Build.0 = Release|Any CPU
	EndGlobalSection
	GlobalSection(SolutionProperties) = preSolution
		HideSolutionNode = FALSE
	EndGlobalSection
	GlobalSection(ExtensibilityGlobals) = postSolution
		SolutionGuid = {CFE59B76-0D47-46A7-9EDB-A52D188F69D2}
	EndGlobalSection
EndGlobal
