
Microsoft Visual Studio Solution File, Format Version 12.00
# Visual Studio Version 17
VisualStudioVersion = 17.4.33403.182
MinimumVisualStudioVersion = 10.0.40219.1
Project("{FAE04EC0-301F-11D3-BF4B-00C04F79EFBC}") = "aufgabe05", "aufgabe05.csproj", "{D60BB4C6-EBA3-4BC5-A613-ADF5A5542933}"
EndProject
Global
	GlobalSection(SolutionConfigurationPlatforms) = preSolution
		Debug|Any CPU = Debug|Any CPU
		Release|Any CPU = Release|Any CPU
	EndGlobalSection
	GlobalSection(ProjectConfigurationPlatforms) = postSolution
		{D60BB4C6-EBA3-4BC5-A613-ADF5A5542933}.Debug|Any CPU.ActiveCfg = Debug|Any CPU
		{D60BB4C6-EBA3-4BC5-A613-ADF5A5542933}.Debug|Any CPU.Build.0 = Debug|Any CPU
		{D60BB4C6-EBA3-4BC5-A613-ADF5A5542933}.Release|Any CPU.ActiveCfg = Release|Any CPU
		{D60BB4C6-EBA3-4BC5-A613-ADF5A5542933}.Release|Any CPU.Build.0 = Release|Any CPU
	EndGlobalSection
	GlobalSection(SolutionProperties) = preSolution
		HideSolutionNode = FALSE
	EndGlobalSection
	GlobalSection(ExtensibilityGlobals) = postSolution
		SolutionGuid = {D92FB6E3-CF7C-485A-87F9-B900A18F9E3C}
	EndGlobalSection
EndGlobal
