
Microsoft Visual Studio Solution File, Format Version 12.00
# Visual Studio Version 17
VisualStudioVersion = 17.4.33403.182
MinimumVisualStudioVersion = 10.0.40219.1
Project("{FAE04EC0-301F-11D3-BF4B-00C04F79EFBC}") = "lidlaufgabe", "lidlaufgabe.csproj", "{189151B6-DE70-4AD0-AF1A-9E87CF66F360}"
EndProject
Global
	GlobalSection(SolutionConfigurationPlatforms) = preSolution
		Debug|Any CPU = Debug|Any CPU
		Release|Any CPU = Release|Any CPU
	EndGlobalSection
	GlobalSection(ProjectConfigurationPlatforms) = postSolution
		{189151B6-DE70-4AD0-AF1A-9E87CF66F360}.Debug|Any CPU.ActiveCfg = Debug|Any CPU
		{189151B6-DE70-4AD0-AF1A-9E87CF66F360}.Debug|Any CPU.Build.0 = Debug|Any CPU
		{189151B6-DE70-4AD0-AF1A-9E87CF66F360}.Release|Any CPU.ActiveCfg = Release|Any CPU
		{189151B6-DE70-4AD0-AF1A-9E87CF66F360}.Release|Any CPU.Build.0 = Release|Any CPU
	EndGlobalSection
	GlobalSection(SolutionProperties) = preSolution
		HideSolutionNode = FALSE
	EndGlobalSection
	GlobalSection(ExtensibilityGlobals) = postSolution
		SolutionGuid = {DFA11D01-536D-45D9-A43C-C67C57CA7A78}
	EndGlobalSection
EndGlobal
