
Microsoft Visual Studio Solution File, Format Version 12.00
# Visual Studio Version 17
VisualStudioVersion = 17.4.33403.182
MinimumVisualStudioVersion = 10.0.40219.1
Project("{FAE04EC0-301F-11D3-BF4B-00C04F79EFBC}") = "Repetition Array", "Repetition Array.csproj", "{C9B64CC6-791A-404B-BD90-C4A337A2594C}"
EndProject
Global
	GlobalSection(SolutionConfigurationPlatforms) = preSolution
		Debug|Any CPU = Debug|Any CPU
		Release|Any CPU = Release|Any CPU
	EndGlobalSection
	GlobalSection(ProjectConfigurationPlatforms) = postSolution
		{C9B64CC6-791A-404B-BD90-C4A337A2594C}.Debug|Any CPU.ActiveCfg = Debug|Any CPU
		{C9B64CC6-791A-404B-BD90-C4A337A2594C}.Debug|Any CPU.Build.0 = Debug|Any CPU
		{C9B64CC6-791A-404B-BD90-C4A337A2594C}.Release|Any CPU.ActiveCfg = Release|Any CPU
		{C9B64CC6-791A-404B-BD90-C4A337A2594C}.Release|Any CPU.Build.0 = Release|Any CPU
	EndGlobalSection
	GlobalSection(SolutionProperties) = preSolution
		HideSolutionNode = FALSE
	EndGlobalSection
	GlobalSection(ExtensibilityGlobals) = postSolution
		SolutionGuid = {89E6A85A-1591-445D-979C-F99CEEBAB99C}
	EndGlobalSection
EndGlobal
