
Microsoft Visual Studio Solution File, Format Version 12.00
# Visual Studio Version 17
VisualStudioVersion = 17.4.33403.182
MinimumVisualStudioVersion = 10.0.40219.1
Project("{FAE04EC0-301F-11D3-BF4B-00C04F79EFBC}") = "aufgabe_05", "aufgabe_05.csproj", "{9567A5FA-09F2-481E-9E0A-0BDFA2AB293F}"
EndProject
Global
	GlobalSection(SolutionConfigurationPlatforms) = preSolution
		Debug|Any CPU = Debug|Any CPU
		Release|Any CPU = Release|Any CPU
	EndGlobalSection
	GlobalSection(ProjectConfigurationPlatforms) = postSolution
		{9567A5FA-09F2-481E-9E0A-0BDFA2AB293F}.Debug|Any CPU.ActiveCfg = Debug|Any CPU
		{9567A5FA-09F2-481E-9E0A-0BDFA2AB293F}.Debug|Any CPU.Build.0 = Debug|Any CPU
		{9567A5FA-09F2-481E-9E0A-0BDFA2AB293F}.Release|Any CPU.ActiveCfg = Release|Any CPU
		{9567A5FA-09F2-481E-9E0A-0BDFA2AB293F}.Release|Any CPU.Build.0 = Release|Any CPU
	EndGlobalSection
	GlobalSection(SolutionProperties) = preSolution
		HideSolutionNode = FALSE
	EndGlobalSection
	GlobalSection(ExtensibilityGlobals) = postSolution
		SolutionGuid = {7C8A4995-A04C-46AD-B287-5E18C8CE34F3}
	EndGlobalSection
EndGlobal
